
Microsoft Visual Studio Solution File, Format Version 12.00
# Visual Studio Version 17
VisualStudioVersion = 17.2.32630.192
MinimumVisualStudioVersion = 10.0.40219.1
Project("{FAE04EC0-301F-11D3-BF4B-00C04F79EFBC}") = "AplicacionServidor", "AplicacionServidor.csproj", "{C969BD03-4C8D-42C5-AB58-8F466A6D5B99}"
EndProject
Project("{FAE04EC0-301F-11D3-BF4B-00C04F79EFBC}") = "AplicacionCliente", "..\AplicacionCliente\AplicacionCliente.csproj", "{5803C8A6-8996-40D8-86E3-27E2FA3CA008}"
EndProject
Global
	GlobalSection(SolutionConfigurationPlatforms) = preSolution
		Debug|Any CPU = Debug|Any CPU
		Release|Any CPU = Release|Any CPU
	EndGlobalSection
	GlobalSection(ProjectConfigurationPlatforms) = postSolution
		{C969BD03-4C8D-42C5-AB58-8F466A6D5B99}.Debug|Any CPU.ActiveCfg = Debug|Any CPU
		{C969BD03-4C8D-42C5-AB58-8F466A6D5B99}.Debug|Any CPU.Build.0 = Debug|Any CPU
		{C969BD03-4C8D-42C5-AB58-8F466A6D5B99}.Release|Any CPU.ActiveCfg = Release|Any CPU
		{C969BD03-4C8D-42C5-AB58-8F466A6D5B99}.Release|Any CPU.Build.0 = Release|Any CPU
		{5803C8A6-8996-40D8-86E3-27E2FA3CA008}.Debug|Any CPU.ActiveCfg = Debug|Any CPU
		{5803C8A6-8996-40D8-86E3-27E2FA3CA008}.Debug|Any CPU.Build.0 = Debug|Any CPU
		{5803C8A6-8996-40D8-86E3-27E2FA3CA008}.Release|Any CPU.ActiveCfg = Release|Any CPU
		{5803C8A6-8996-40D8-86E3-27E2FA3CA008}.Release|Any CPU.Build.0 = Release|Any CPU
	EndGlobalSection
	GlobalSection(SolutionProperties) = preSolution
		HideSolutionNode = FALSE
	EndGlobalSection
	GlobalSection(ExtensibilityGlobals) = postSolution
		SolutionGuid = {A6DCC227-EDF4-425F-ADEE-D5AF7DB7E342}
	EndGlobalSection
EndGlobal
