
Microsoft Visual Studio Solution File, Format Version 12.00
# Visual Studio Version 17
VisualStudioVersion = 17.2.32630.192
MinimumVisualStudioVersion = 10.0.40219.1
Project("{FAE04EC0-301F-11D3-BF4B-00C04F79EFBC}") = "ClasesRentaUned", "ClasesRentaUned.csproj", "{F72298C0-C026-4D5D-BA92-981F8CA55D0B}"
EndProject
Global
	GlobalSection(SolutionConfigurationPlatforms) = preSolution
		Debug|Any CPU = Debug|Any CPU
		Release|Any CPU = Release|Any CPU
	EndGlobalSection
	GlobalSection(ProjectConfigurationPlatforms) = postSolution
		{F72298C0-C026-4D5D-BA92-981F8CA55D0B}.Debug|Any CPU.ActiveCfg = Debug|Any CPU
		{F72298C0-C026-4D5D-BA92-981F8CA55D0B}.Debug|Any CPU.Build.0 = Debug|Any CPU
		{F72298C0-C026-4D5D-BA92-981F8CA55D0B}.Release|Any CPU.ActiveCfg = Release|Any CPU
		{F72298C0-C026-4D5D-BA92-981F8CA55D0B}.Release|Any CPU.Build.0 = Release|Any CPU
	EndGlobalSection
	GlobalSection(SolutionProperties) = preSolution
		HideSolutionNode = FALSE
	EndGlobalSection
	GlobalSection(ExtensibilityGlobals) = postSolution
		SolutionGuid = {33177530-8D4E-475F-B272-7223F00F69CA}
	EndGlobalSection
EndGlobal
